
Microsoft Visual Studio Solution File, Format Version 12.00
# Visual Studio Version 16
VisualStudioVersion = 16.0.29512.175
MinimumVisualStudioVersion = 10.0.40219.1
Project("{9A19103F-16F7-4668-BE54-9A1E7A4F7556}") = "Server.Core", "Server\Core\Server.Core.csproj", "{27739A96-6C91-425E-9E91-D4956CDD7F34}"
EndProject
Project("{2150E333-8FDC-42A3-9474-1A3956D46DE8}") = "Server", "Server", "{BD8383A7-9D59-4C9A-8500-F413E3833A69}"
EndProject
Project("{2150E333-8FDC-42A3-9474-1A3956D46DE8}") = "Providers", "Providers", "{F60ACF2B-0DC1-4FDA-877E-82C1C217C431}"
EndProject
Project("{9A19103F-16F7-4668-BE54-9A1E7A4F7556}") = "SendGrid.Email", "SendGridEmail\SendGrid.Email.csproj", "{40F55F3D-258F-4433-99EB-8CC1A7B05036}"
EndProject
Project("{9A19103F-16F7-4668-BE54-9A1E7A4F7556}") = "Host", "Host\Host.csproj", "{C70BEFA1-3F11-4747-81AC-86DCC1CE64A8}"
EndProject
Project("{9A19103F-16F7-4668-BE54-9A1E7A4F7556}") = "Twilio.Sms", "Twilio.Sms\Twilio.Sms.csproj", "{569AFE62-4A59-4F4B-9DFF-13ADD6172BDC}"
EndProject
Project("{9A19103F-16F7-4668-BE54-9A1E7A4F7556}") = "Server.Abstractions", "Abstractions\Server.Abstractions.csproj", "{AB52F46D-E69E-4DC0-8DCC-FC516765A308}"
EndProject
Project("{9A19103F-16F7-4668-BE54-9A1E7A4F7556}") = "Messaging.AzureServiceBus", "Messaging.AzureServiceBus\Messaging.AzureServiceBus.csproj", "{0E2E6C7A-EBA7-4469-83FA-690AE9E37C82}"
EndProject
Project("{9A19103F-16F7-4668-BE54-9A1E7A4F7556}") = "Client", "Client\Client.csproj", "{1023F2F8-4F9B-4197-A82C-9AE8BC6E528F}"
EndProject
Project("{2150E333-8FDC-42A3-9474-1A3956D46DE8}") = "Client", "Client", "{A124B845-9851-4CC8-BEC0-8F78438EE202}"
EndProject
Project("{9A19103F-16F7-4668-BE54-9A1E7A4F7556}") = "Client.Tests", "Client.Tests\Client.Tests.csproj", "{56072C57-6DA7-4C92-A351-76EFD5B913DE}"
EndProject
Project("{2150E333-8FDC-42A3-9474-1A3956D46DE8}") = "Shared", "Shared", "{3677DF71-D570-4B66-ABB9-296C8C4635DE}"
EndProject
Project("{9A19103F-16F7-4668-BE54-9A1E7A4F7556}") = "Models", "Models\Models.csproj", "{33560B8C-45A0-4AA0-9807-60CDB5019819}"
EndProject
Project("{9A19103F-16F7-4668-BE54-9A1E7A4F7556}") = "TestClient", "TestClient\TestClient.csproj", "{60C31DA7-7E7C-4B82-873D-843B523879E5}"
EndProject
Project("{9A19103F-16F7-4668-BE54-9A1E7A4F7556}") = "Store.Mongo", "Store.Mongo\Store.Mongo.csproj", "{9DB8BDD7-CA6D-4878-9624-B28064E71603}"
EndProject
Project("{9A19103F-16F7-4668-BE54-9A1E7A4F7556}") = "Server.SignalR", "Server.SignalR\Server.SignalR.csproj", "{EBEB8A89-848F-4FE7-94A2-E59B4CFDEDD3}"
EndProject
Project("{9A19103F-16F7-4668-BE54-9A1E7A4F7556}") = "Messaging.RabbitMQ", "Messaging.RabbitMQ\Messaging.RabbitMQ.csproj", "{541537B7-213B-4174-9267-1FA1E8A0B187}"
EndProject
Project("{9A19103F-16F7-4668-BE54-9A1E7A4F7556}") = "GraphQL", "GraphQL\GraphQL.csproj", "{55B14976-03FD-4015-AB13-33B9C95F8FBA}"
EndProject
Project("{9A19103F-16F7-4668-BE54-9A1E7A4F7556}") = "MessageGun", "MessageGun\MessageGun.csproj", "{F66F43A8-5D39-4548-9766-4968BC59E1CA}"
EndProject
Global
	GlobalSection(SolutionConfigurationPlatforms) = preSolution
		Debug|Any CPU = Debug|Any CPU
		Release|Any CPU = Release|Any CPU
	EndGlobalSection
	GlobalSection(ProjectConfigurationPlatforms) = postSolution
		{27739A96-6C91-425E-9E91-D4956CDD7F34}.Debug|Any CPU.ActiveCfg = Debug|Any CPU
		{27739A96-6C91-425E-9E91-D4956CDD7F34}.Debug|Any CPU.Build.0 = Debug|Any CPU
		{27739A96-6C91-425E-9E91-D4956CDD7F34}.Release|Any CPU.ActiveCfg = Release|Any CPU
		{27739A96-6C91-425E-9E91-D4956CDD7F34}.Release|Any CPU.Build.0 = Release|Any CPU
		{40F55F3D-258F-4433-99EB-8CC1A7B05036}.Debug|Any CPU.ActiveCfg = Debug|Any CPU
		{40F55F3D-258F-4433-99EB-8CC1A7B05036}.Debug|Any CPU.Build.0 = Debug|Any CPU
		{40F55F3D-258F-4433-99EB-8CC1A7B05036}.Release|Any CPU.ActiveCfg = Release|Any CPU
		{40F55F3D-258F-4433-99EB-8CC1A7B05036}.Release|Any CPU.Build.0 = Release|Any CPU
		{C70BEFA1-3F11-4747-81AC-86DCC1CE64A8}.Debug|Any CPU.ActiveCfg = Debug|Any CPU
		{C70BEFA1-3F11-4747-81AC-86DCC1CE64A8}.Debug|Any CPU.Build.0 = Debug|Any CPU
		{C70BEFA1-3F11-4747-81AC-86DCC1CE64A8}.Release|Any CPU.ActiveCfg = Release|Any CPU
		{C70BEFA1-3F11-4747-81AC-86DCC1CE64A8}.Release|Any CPU.Build.0 = Release|Any CPU
		{569AFE62-4A59-4F4B-9DFF-13ADD6172BDC}.Debug|Any CPU.ActiveCfg = Debug|Any CPU
		{569AFE62-4A59-4F4B-9DFF-13ADD6172BDC}.Debug|Any CPU.Build.0 = Debug|Any CPU
		{569AFE62-4A59-4F4B-9DFF-13ADD6172BDC}.Release|Any CPU.ActiveCfg = Release|Any CPU
		{569AFE62-4A59-4F4B-9DFF-13ADD6172BDC}.Release|Any CPU.Build.0 = Release|Any CPU
		{AB52F46D-E69E-4DC0-8DCC-FC516765A308}.Debug|Any CPU.ActiveCfg = Debug|Any CPU
		{AB52F46D-E69E-4DC0-8DCC-FC516765A308}.Debug|Any CPU.Build.0 = Debug|Any CPU
		{AB52F46D-E69E-4DC0-8DCC-FC516765A308}.Release|Any CPU.ActiveCfg = Release|Any CPU
		{AB52F46D-E69E-4DC0-8DCC-FC516765A308}.Release|Any CPU.Build.0 = Release|Any CPU
		{0E2E6C7A-EBA7-4469-83FA-690AE9E37C82}.Debug|Any CPU.ActiveCfg = Debug|Any CPU
		{0E2E6C7A-EBA7-4469-83FA-690AE9E37C82}.Debug|Any CPU.Build.0 = Debug|Any CPU
		{0E2E6C7A-EBA7-4469-83FA-690AE9E37C82}.Release|Any CPU.ActiveCfg = Release|Any CPU
		{0E2E6C7A-EBA7-4469-83FA-690AE9E37C82}.Release|Any CPU.Build.0 = Release|Any CPU
		{1023F2F8-4F9B-4197-A82C-9AE8BC6E528F}.Debug|Any CPU.ActiveCfg = Debug|Any CPU
		{1023F2F8-4F9B-4197-A82C-9AE8BC6E528F}.Debug|Any CPU.Build.0 = Debug|Any CPU
		{1023F2F8-4F9B-4197-A82C-9AE8BC6E528F}.Release|Any CPU.ActiveCfg = Release|Any CPU
		{1023F2F8-4F9B-4197-A82C-9AE8BC6E528F}.Release|Any CPU.Build.0 = Release|Any CPU
		{56072C57-6DA7-4C92-A351-76EFD5B913DE}.Debug|Any CPU.ActiveCfg = Debug|Any CPU
		{56072C57-6DA7-4C92-A351-76EFD5B913DE}.Debug|Any CPU.Build.0 = Debug|Any CPU
		{56072C57-6DA7-4C92-A351-76EFD5B913DE}.Release|Any CPU.ActiveCfg = Release|Any CPU
		{56072C57-6DA7-4C92-A351-76EFD5B913DE}.Release|Any CPU.Build.0 = Release|Any CPU
		{33560B8C-45A0-4AA0-9807-60CDB5019819}.Debug|Any CPU.ActiveCfg = Debug|Any CPU
		{33560B8C-45A0-4AA0-9807-60CDB5019819}.Debug|Any CPU.Build.0 = Debug|Any CPU
		{33560B8C-45A0-4AA0-9807-60CDB5019819}.Release|Any CPU.ActiveCfg = Release|Any CPU
		{33560B8C-45A0-4AA0-9807-60CDB5019819}.Release|Any CPU.Build.0 = Release|Any CPU
		{60C31DA7-7E7C-4B82-873D-843B523879E5}.Debug|Any CPU.ActiveCfg = Debug|Any CPU
		{60C31DA7-7E7C-4B82-873D-843B523879E5}.Debug|Any CPU.Build.0 = Debug|Any CPU
		{60C31DA7-7E7C-4B82-873D-843B523879E5}.Release|Any CPU.ActiveCfg = Release|Any CPU
		{60C31DA7-7E7C-4B82-873D-843B523879E5}.Release|Any CPU.Build.0 = Release|Any CPU
		{9DB8BDD7-CA6D-4878-9624-B28064E71603}.Debug|Any CPU.ActiveCfg = Debug|Any CPU
		{9DB8BDD7-CA6D-4878-9624-B28064E71603}.Debug|Any CPU.Build.0 = Debug|Any CPU
		{9DB8BDD7-CA6D-4878-9624-B28064E71603}.Release|Any CPU.ActiveCfg = Release|Any CPU
		{9DB8BDD7-CA6D-4878-9624-B28064E71603}.Release|Any CPU.Build.0 = Release|Any CPU
		{EBEB8A89-848F-4FE7-94A2-E59B4CFDEDD3}.Debug|Any CPU.ActiveCfg = Debug|Any CPU
		{EBEB8A89-848F-4FE7-94A2-E59B4CFDEDD3}.Debug|Any CPU.Build.0 = Debug|Any CPU
		{EBEB8A89-848F-4FE7-94A2-E59B4CFDEDD3}.Release|Any CPU.ActiveCfg = Release|Any CPU
		{EBEB8A89-848F-4FE7-94A2-E59B4CFDEDD3}.Release|Any CPU.Build.0 = Release|Any CPU
		{541537B7-213B-4174-9267-1FA1E8A0B187}.Debug|Any CPU.ActiveCfg = Debug|Any CPU
		{541537B7-213B-4174-9267-1FA1E8A0B187}.Debug|Any CPU.Build.0 = Debug|Any CPU
		{541537B7-213B-4174-9267-1FA1E8A0B187}.Release|Any CPU.ActiveCfg = Release|Any CPU
		{541537B7-213B-4174-9267-1FA1E8A0B187}.Release|Any CPU.Build.0 = Release|Any CPU
		{55B14976-03FD-4015-AB13-33B9C95F8FBA}.Debug|Any CPU.ActiveCfg = Debug|Any CPU
		{55B14976-03FD-4015-AB13-33B9C95F8FBA}.Debug|Any CPU.Build.0 = Debug|Any CPU
		{55B14976-03FD-4015-AB13-33B9C95F8FBA}.Release|Any CPU.ActiveCfg = Release|Any CPU
		{55B14976-03FD-4015-AB13-33B9C95F8FBA}.Release|Any CPU.Build.0 = Release|Any CPU
		{F66F43A8-5D39-4548-9766-4968BC59E1CA}.Debug|Any CPU.ActiveCfg = Debug|Any CPU
		{F66F43A8-5D39-4548-9766-4968BC59E1CA}.Debug|Any CPU.Build.0 = Debug|Any CPU
		{F66F43A8-5D39-4548-9766-4968BC59E1CA}.Release|Any CPU.ActiveCfg = Release|Any CPU
		{F66F43A8-5D39-4548-9766-4968BC59E1CA}.Release|Any CPU.Build.0 = Release|Any CPU
	EndGlobalSection
	GlobalSection(SolutionProperties) = preSolution
		HideSolutionNode = FALSE
	EndGlobalSection
	GlobalSection(NestedProjects) = preSolution
		{27739A96-6C91-425E-9E91-D4956CDD7F34} = {BD8383A7-9D59-4C9A-8500-F413E3833A69}
		{F60ACF2B-0DC1-4FDA-877E-82C1C217C431} = {BD8383A7-9D59-4C9A-8500-F413E3833A69}
		{40F55F3D-258F-4433-99EB-8CC1A7B05036} = {F60ACF2B-0DC1-4FDA-877E-82C1C217C431}
		{C70BEFA1-3F11-4747-81AC-86DCC1CE64A8} = {BD8383A7-9D59-4C9A-8500-F413E3833A69}
		{569AFE62-4A59-4F4B-9DFF-13ADD6172BDC} = {F60ACF2B-0DC1-4FDA-877E-82C1C217C431}
		{AB52F46D-E69E-4DC0-8DCC-FC516765A308} = {BD8383A7-9D59-4C9A-8500-F413E3833A69}
		{0E2E6C7A-EBA7-4469-83FA-690AE9E37C82} = {BD8383A7-9D59-4C9A-8500-F413E3833A69}
		{1023F2F8-4F9B-4197-A82C-9AE8BC6E528F} = {A124B845-9851-4CC8-BEC0-8F78438EE202}
		{56072C57-6DA7-4C92-A351-76EFD5B913DE} = {A124B845-9851-4CC8-BEC0-8F78438EE202}
		{33560B8C-45A0-4AA0-9807-60CDB5019819} = {3677DF71-D570-4B66-ABB9-296C8C4635DE}
		{60C31DA7-7E7C-4B82-873D-843B523879E5} = {A124B845-9851-4CC8-BEC0-8F78438EE202}
		{9DB8BDD7-CA6D-4878-9624-B28064E71603} = {BD8383A7-9D59-4C9A-8500-F413E3833A69}
		{EBEB8A89-848F-4FE7-94A2-E59B4CFDEDD3} = {BD8383A7-9D59-4C9A-8500-F413E3833A69}
		{541537B7-213B-4174-9267-1FA1E8A0B187} = {BD8383A7-9D59-4C9A-8500-F413E3833A69}
		{55B14976-03FD-4015-AB13-33B9C95F8FBA} = {BD8383A7-9D59-4C9A-8500-F413E3833A69}
		{F66F43A8-5D39-4548-9766-4968BC59E1CA} = {A124B845-9851-4CC8-BEC0-8F78438EE202}
	EndGlobalSection
	GlobalSection(ExtensibilityGlobals) = postSolution
		SolutionGuid = {55A77196-CAD4-4D29-9E89-8A6E961AB1B3}
	EndGlobalSection
EndGlobal
